
Microsoft Visual Studio Solution File, Format Version 12.00
# Visual Studio Version 17
VisualStudioVersion = 17.7.34031.279
MinimumVisualStudioVersion = 10.0.40219.1
Project("{FAE04EC0-301F-11D3-BF4B-00C04F79EFBC}") = "Bus Booking Management System - Project", "Bus Booking Management System - Project\Bus Booking Management System - Project.csproj", "{F6AFC1DC-2B8C-4352-8A01-84C4D538384F}"
EndProject
Global
	GlobalSection(SolutionConfigurationPlatforms) = preSolution
		Debug|Any CPU = Debug|Any CPU
		Release|Any CPU = Release|Any CPU
	EndGlobalSection
	GlobalSection(ProjectConfigurationPlatforms) = postSolution
		{F6AFC1DC-2B8C-4352-8A01-84C4D538384F}.Debug|Any CPU.ActiveCfg = Debug|Any CPU
		{F6AFC1DC-2B8C-4352-8A01-84C4D538384F}.Debug|Any CPU.Build.0 = Debug|Any CPU
		{F6AFC1DC-2B8C-4352-8A01-84C4D538384F}.Release|Any CPU.ActiveCfg = Release|Any CPU
		{F6AFC1DC-2B8C-4352-8A01-84C4D538384F}.Release|Any CPU.Build.0 = Release|Any CPU
	EndGlobalSection
	GlobalSection(SolutionProperties) = preSolution
		HideSolutionNode = FALSE
	EndGlobalSection
	GlobalSection(ExtensibilityGlobals) = postSolution
		SolutionGuid = {050761DF-A940-4CCE-9A49-C8CAC0F11CD0}
	EndGlobalSection
EndGlobal
